
Microsoft Visual Studio Solution File, Format Version 12.00
# Visual Studio 15
VisualStudioVersion = 15.0.27428.2037
MinimumVisualStudioVersion = 10.0.40219.1
Project("{FAE04EC0-301F-11D3-BF4B-00C04F79EFBC}") = "Api.AdventureWorks2012.Productmanagement", "Api.AdventureWorks2012.Productmanagement\Api.AdventureWorks2012.Productmanagement.csproj", "{345363C8-232D-4E45-8C99-253434896235}"
EndProject
Project("{FAE04EC0-301F-11D3-BF4B-00C04F79EFBC}") = "Api.AdventureWorks2012.ProductmanagementClient", "Api.AdventureWorks2012.ProductmanagementClient\Api.AdventureWorks2012.ProductmanagementClient.csproj", "{10DAD80C-8992-46CE-8161-EAAE51679260}"
EndProject
Project("{2150E333-8FDC-42A3-9474-1A3956D46DE8}") = "Database", "Database", "{86798FDD-4163-49F8-9B51-48DCEAD20B01}"
	ProjectSection(SolutionItems) = preProject
		Database\Product.sql = Database\Product.sql
	EndProjectSection
EndProject
Project("{FAE04EC0-301F-11D3-BF4B-00C04F79EFBC}") = "Api.Security.One", "Api.Security.One\Api.Security.One.csproj", "{2ED978E2-5DCA-478B-B2C8-36703DDA6544}"
EndProject
Project("{FAE04EC0-301F-11D3-BF4B-00C04F79EFBC}") = "Api.Security.One.Client", "Api.Security.One.Client\Api.Security.One.Client.csproj", "{2FD41045-D60A-4970-9ED7-3BA3E5BEBEBE}"
EndProject
Project("{FAE04EC0-301F-11D3-BF4B-00C04F79EFBC}") = "Mvc.Security.Roles", "Mvc.Security.Roles\Mvc.Security.Roles.csproj", "{E5A5A07A-053E-4995-8C64-50E464468D91}"
EndProject
Global
	GlobalSection(SolutionConfigurationPlatforms) = preSolution
		Debug|Any CPU = Debug|Any CPU
		Release|Any CPU = Release|Any CPU
	EndGlobalSection
	GlobalSection(ProjectConfigurationPlatforms) = postSolution
		{345363C8-232D-4E45-8C99-253434896235}.Debug|Any CPU.ActiveCfg = Debug|Any CPU
		{345363C8-232D-4E45-8C99-253434896235}.Debug|Any CPU.Build.0 = Debug|Any CPU
		{345363C8-232D-4E45-8C99-253434896235}.Release|Any CPU.ActiveCfg = Release|Any CPU
		{345363C8-232D-4E45-8C99-253434896235}.Release|Any CPU.Build.0 = Release|Any CPU
		{10DAD80C-8992-46CE-8161-EAAE51679260}.Debug|Any CPU.ActiveCfg = Debug|Any CPU
		{10DAD80C-8992-46CE-8161-EAAE51679260}.Debug|Any CPU.Build.0 = Debug|Any CPU
		{10DAD80C-8992-46CE-8161-EAAE51679260}.Release|Any CPU.ActiveCfg = Release|Any CPU
		{10DAD80C-8992-46CE-8161-EAAE51679260}.Release|Any CPU.Build.0 = Release|Any CPU
		{2ED978E2-5DCA-478B-B2C8-36703DDA6544}.Debug|Any CPU.ActiveCfg = Debug|Any CPU
		{2ED978E2-5DCA-478B-B2C8-36703DDA6544}.Debug|Any CPU.Build.0 = Debug|Any CPU
		{2ED978E2-5DCA-478B-B2C8-36703DDA6544}.Release|Any CPU.ActiveCfg = Release|Any CPU
		{2ED978E2-5DCA-478B-B2C8-36703DDA6544}.Release|Any CPU.Build.0 = Release|Any CPU
		{2FD41045-D60A-4970-9ED7-3BA3E5BEBEBE}.Debug|Any CPU.ActiveCfg = Debug|Any CPU
		{2FD41045-D60A-4970-9ED7-3BA3E5BEBEBE}.Debug|Any CPU.Build.0 = Debug|Any CPU
		{2FD41045-D60A-4970-9ED7-3BA3E5BEBEBE}.Release|Any CPU.ActiveCfg = Release|Any CPU
		{2FD41045-D60A-4970-9ED7-3BA3E5BEBEBE}.Release|Any CPU.Build.0 = Release|Any CPU
		{E5A5A07A-053E-4995-8C64-50E464468D91}.Debug|Any CPU.ActiveCfg = Debug|Any CPU
		{E5A5A07A-053E-4995-8C64-50E464468D91}.Debug|Any CPU.Build.0 = Debug|Any CPU
		{E5A5A07A-053E-4995-8C64-50E464468D91}.Release|Any CPU.ActiveCfg = Release|Any CPU
		{E5A5A07A-053E-4995-8C64-50E464468D91}.Release|Any CPU.Build.0 = Release|Any CPU
	EndGlobalSection
	GlobalSection(SolutionProperties) = preSolution
		HideSolutionNode = FALSE
	EndGlobalSection
	GlobalSection(ExtensibilityGlobals) = postSolution
		SolutionGuid = {BD21C55B-66B7-4454-AC6E-B65BFDABB2C9}
	EndGlobalSection
EndGlobal
